// !$*UTF8*$!
{
	archiveVersion = 1;
	classes = {
	};
	objectVersion = 46;
	objects = {

/* Begin PBXBuildFile section */
		7072E3A71E5C25740043DD2B /* main.m in Sources */ = {isa = PBXBuildFile; fileRef = 7072E3A61E5C25740043DD2B /* main.m */; };
		7072E3AA1E5C25740043DD2B /* AppDelegate.m in Sources */ = {isa = PBXBuildFile; fileRef = 7072E3A91E5C25740043DD2B /* AppDelegate.m */; };
		7072E3AD1E5C25740043DD2B /* ViewController.m in Sources */ = {isa = PBXBuildFile; fileRef = 7072E3AC1E5C25740043DD2B /* ViewController.m */; };
		7072E3B01E5C25740043DD2B /* Main.storyboard in Resources */ = {isa = PBXBuildFile; fileRef = 7072E3AE1E5C25740043DD2B /* Main.storyboard */; };
		7072E3B21E5C25740043DD2B /* Assets.xcassets in Resources */ = {isa = PBXBuildFile; fileRef = 7072E3B11E5C25740043DD2B /* Assets.xcassets */; };
		7072E3B51E5C25740043DD2B /* LaunchScreen.storyboard in Resources */ = {isa = PBXBuildFile; fileRef = 7072E3B31E5C25740043DD2B /* LaunchScreen.storyboard */; };
		7072E3C01E5C25740043DD2B /* IrregularViewDemoTests.m in Sources */ = {isa = PBXBuildFile; fileRef = 7072E3BF1E5C25740043DD2B /* IrregularViewDemoTests.m */; };
		7072E3CB1E5C25740043DD2B /* IrregularViewDemoUITests.m in Sources */ = {isa = PBXBuildFile; fileRef = 7072E3CA1E5C25740043DD2B /* IrregularViewDemoUITests.m */; };
/* End PBXBuildFile section */

/* Begin PBXContainerItemProxy section */
		7072E3BC1E5C25740043DD2B /* PBXContainerItemProxy */ = {
			isa = PBXContainerItemProxy;
			containerPortal = 7072E39A1E5C25740043DD2B /* Project object */;
			proxyType = 1;
			remoteGlobalIDString = 7072E3A11E5C25740043DD2B;
			remoteInfo = IrregularViewDemo;
		};
		7072E3C71E5C25740043DD2B /* PBXContainerItemProxy */ = {
			isa = PBXContainerItemProxy;
			containerPortal = 7072E39A1E5C25740043DD2B /* Project object */;
			proxyType = 1;
			remoteGlobalIDString = 7072E3A11E5C25740043DD2B;
			remoteInfo = IrregularViewDemo;
		};
/* End PBXContainerItemProxy section */

/* Begin PBXFileReference section */
		7072E3A21E5C25740043DD2B /* IrregularViewDemo.app */ = {isa = PBXFileReference; explicitFileType = wrapper.application; includeInIndex = 0; path = IrregularViewDemo.app; sourceTree = BUILT_PRODUCTS_DIR; };
		7072E3A61E5C25740043DD2B /* main.m */ = {isa = PBXFileReference; lastKnownFileType = sourcecode.c.objc; path = main.m; sourceTree = "<group>"; };
		7072E3A81E5C25740043DD2B /* AppDelegate.h */ = {isa = PBXFileReference; lastKnownFileType = sourcecode.c.h; path = AppDelegate.h; sourceTree = "<group>"; };
		7072E3A91E5C25740043DD2B /* AppDelegate.m */ = {isa = PBXFileReference; lastKnownFileType = sourcecode.c.objc; path = AppDelegate.m; sourceTree = "<group>"; };
		7072E3AB1E5C25740043DD2B /* ViewController.h */ = {isa = PBXFileReference; lastKnownFileType = sourcecode.c.h; path = ViewController.h; sourceTree = "<group>"; };
		7072E3AC1E5C25740043DD2B /* ViewController.m */ = {isa = PBXFileReference; lastKnownFileType = sourcecode.c.objc; path = ViewController.m; sourceTree = "<group>"; };
		7072E3AF1E5C25740043DD2B /* Base */ = {isa = PBXFileReference; lastKnownFileType = file.storyboard; name = Base; path = Base.lproj/Main.storyboard; sourceTree = "<group>"; };
		7072E3B11E5C25740043DD2B /* Assets.xcassets */ = {isa = PBXFileReference; lastKnownFileType = folder.assetcatalog; path = Assets.xcassets; sourceTree = "<group>"; };
		7072E3B41E5C25740043DD2B /* Base */ = {isa = PBXFileReference; lastKnownFileType = file.storyboard; name = Base; path = Base.lproj/LaunchScreen.storyboard; sourceTree = "<group>"; };
		7072E3B61E5C25740043DD2B /* Info.plist */ = {isa = PBXFileReference; lastKnownFileType = text.plist.xml; path = Info.plist; sourceTree = "<group>"; };
		7072E3BB1E5C25740043DD2B /* IrregularViewDemoTests.xctest */ = {isa = PBXFileReference; explicitFileType = wrapper.cfbundle; includeInIndex = 0; path = IrregularViewDemoTests.xctest; sourceTree = BUILT_PRODUCTS_DIR; };
		7072E3BF1E5C25740043DD2B /* IrregularViewDemoTests.m */ = {isa = PBXFileReference; lastKnownFileType = sourcecode.c.objc; path = IrregularViewDemoTests.m; sourceTree = "<group>"; };
		7072E3C11E5C25740043DD2B /* Info.plist */ = {isa = PBXFileReference; lastKnownFileType = text.plist.xml; path = Info.plist; sourceTree = "<group>"; };
		7072E3C61E5C25740043DD2B /* IrregularViewDemoUITests.xctest */ = {isa = PBXFileReference; explicitFileType = wrapper.cfbundle; includeInIndex = 0; path = IrregularViewDemoUITests.xctest; sourceTree = BUILT_PRODUCTS_DIR; };
		7072E3CA1E5C25740043DD2B /* IrregularViewDemoUITests.m */ = {isa = PBXFileReference; lastKnownFileType = sourcecode.c.objc; path = IrregularViewDemoUITests.m; sourceTree = "<group>"; };
		7072E3CC1E5C25740043DD2B /* Info.plist */ = {isa = PBXFileReference; lastKnownFileType = text.plist.xml; path = Info.plist; sourceTree = "<group>"; };
/* End PBXFileReference section */

/* Begin PBXFrameworksBuildPhase section */
		7072E39F1E5C25740043DD2B /* Frameworks */ = {
			isa = PBXFrameworksBuildPhase;
			buildActionMask = 2147483647;
			files = (
			);
			runOnlyForDeploymentPostprocessing = 0;
		};
		7072E3B81E5C25740043DD2B /* Frameworks */ = {
			isa = PBXFrameworksBuildPhase;
			buildActionMask = 2147483647;
			files = (
			);
			runOnlyForDeploymentPostprocessing = 0;
		};
		7072E3C31E5C25740043DD2B /* Frameworks */ = {
			isa = PBXFrameworksBuildPhase;
			buildActionMask = 2147483647;
			files = (
			);
			runOnlyForDeploymentPostprocessing = 0;
		};
/* End PBXFrameworksBuildPhase section */

/* Begin PBXGroup section */
		7072E3991E5C25740043DD2B = {
			isa = PBXGroup;
			children = (
				7072E3A41E5C25740043DD2B /* IrregularViewDemo */,
				7072E3BE1E5C25740043DD2B /* IrregularViewDemoTests */,
				7072E3C91E5C25740043DD2B /* IrregularViewDemoUITests */,
				7072E3A31E5C25740043DD2B /* Products */,
			);
			sourceTree = "<group>";
		};
		7072E3A31E5C25740043DD2B /* Products */ = {
			isa = PBXGroup;
			children = (
				7072E3A21E5C25740043DD2B /* IrregularViewDemo.app */,
				7072E3BB1E5C25740043DD2B /* IrregularViewDemoTests.xctest */,
				7072E3C61E5C25740043DD2B /* IrregularViewDemoUITests.xctest */,
			);
			name = Products;
			sourceTree = "<group>";
		};
		7072E3A41E5C25740043DD2B /* IrregularViewDemo */ = {
			isa = PBXGroup;
			children = (
				7072E3A81E5C25740043DD2B /* AppDelegate.h */,
				7072E3A91E5C25740043DD2B /* AppDelegate.m */,
				7072E3AB1E5C25740043DD2B /* ViewController.h */,
				7072E3AC1E5C25740043DD2B /* ViewController.m */,
				7072E3AE1E5C25740043DD2B /* Main.storyboard */,
				7072E3B11E5C25740043DD2B /* Assets.xcassets */,
				7072E3B31E5C25740043DD2B /* LaunchScreen.storyboard */,
				7072E3B61E5C25740043DD2B /* Info.plist */,
				7072E3A51E5C25740043DD2B /* Supporting Files */,
			);
			path = IrregularViewDemo;
			sourceTree = "<group>";
		};
		7072E3A51E5C25740043DD2B /* Supporting Files */ = {
			isa = PBXGroup;
			children = (
				7072E3A61E5C25740043DD2B /* main.m */,
			);
			name = "Supporting Files";
			sourceTree = "<group>";
		};
		7072E3BE1E5C25740043DD2B /* IrregularViewDemoTests */ = {
			isa = PBXGroup;
			children = (
				7072E3BF1E5C25740043DD2B /* IrregularViewDemoTests.m */,
				7072E3C11E5C25740043DD2B /* Info.plist */,
			);
			path = IrregularViewDemoTests;
			sourceTree = "<group>";
		};
		7072E3C91E5C25740043DD2B /* IrregularViewDemoUITests */ = {
			isa = PBXGroup;
			children = (
				7072E3CA1E5C25740043DD2B /* IrregularViewDemoUITests.m */,
				7072E3CC1E5C25740043DD2B /* Info.plist */,
			);
			path = IrregularViewDemoUITests;
			sourceTree = "<group>";
		};
/* End PBXGroup section */

/* Begin PBXNativeTarget section */
		7072E3A11E5C25740043DD2B /* IrregularViewDemo */ = {
			isa = PBXNativeTarget;
			buildConfigurationList = 7072E3CF1E5C25740043DD2B /* Build configuration list for PBXNativeTarget "IrregularViewDemo" */;
			buildPhases = (
				7072E39E1E5C25740043DD2B /* Sources */,
				7072E39F1E5C25740043DD2B /* Frameworks */,
				7072E3A01E5C25740043DD2B /* Resources */,
			);
			buildRules = (
			);
			dependencies = (
			);
			name = IrregularViewDemo;
			productName = IrregularViewDemo;
			productReference = 7072E3A21E5C25740043DD2B /* IrregularViewDemo.app */;
			productType = "com.apple.product-type.application";
		};
		7072E3BA1E5C25740043DD2B /* IrregularViewDemoTests */ = {
			isa = PBXNativeTarget;
			buildConfigurationList = 7072E3D21E5C25740043DD2B /* Build configuration list for PBXNativeTarget "IrregularViewDemoTests" */;
			buildPhases = (
				7072E3B71E5C25740043DD2B /* Sources */,
				7072E3B81E5C25740043DD2B /* Frameworks */,
				7072E3B91E5C25740043DD2B /* Resources */,
			);
			buildRules = (
			);
			dependencies = (
				7072E3BD1E5C25740043DD2B /* PBXTargetDependency */,
			);
			name = IrregularViewDemoTests;
			productName = IrregularViewDemoTests;
			productReference = 7072E3BB1E5C25740043DD2B /* IrregularViewDemoTests.xctest */;
			productType = "com.apple.product-type.bundle.unit-test";
		};
		7072E3C51E5C25740043DD2B /* IrregularViewDemoUITests */ = {
			isa = PBXNativeTarget;
			buildConfigurationList = 7072E3D51E5C25740043DD2B /* Build configuration list for PBXNativeTarget "IrregularViewDemoUITests" */;
			buildPhases = (
				7072E3C21E5C25740043DD2B /* Sources */,
				7072E3C31E5C25740043DD2B /* Frameworks */,
				7072E3C41E5C25740043DD2B /* Resources */,
			);
			buildRules = (
			);
			dependencies = (
				7072E3C81E5C25740043DD2B /* PBXTargetDependency */,
			);
			name = IrregularViewDemoUITests;
			productName = IrregularViewDemoUITests;
			productReference = 7072E3C61E5C25740043DD2B /* IrregularViewDemoUITests.xctest */;
			productType = "com.apple.product-type.bundle.ui-testing";
		};
/* End PBXNativeTarget section */

/* Begin PBXProject section */
		7072E39A1E5C25740043DD2B /* Project object */ = {
			isa = PBXProject;
			attributes = {
				LastUpgradeCheck = 0820;
				ORGANIZATIONNAME = LSD;
				TargetAttributes = {
					7072E3A11E5C25740043DD2B = {
						CreatedOnToolsVersion = 8.2.1;
						ProvisioningStyle = Automatic;
					};
					7072E3BA1E5C25740043DD2B = {
						CreatedOnToolsVersion = 8.2.1;
						ProvisioningStyle = Automatic;
						TestTargetID = 7072E3A11E5C25740043DD2B;
					};
					7072E3C51E5C25740043DD2B = {
						CreatedOnToolsVersion = 8.2.1;
						ProvisioningStyle = Automatic;
						TestTargetID = 7072E3A11E5C25740043DD2B;
					};
				};
			};
			buildConfigurationList = 7072E39D1E5C25740043DD2B /* Build configuration list for PBXProject "IrregularViewDemo" */;
			compatibilityVersion = "Xcode 3.2";
			developmentRegion = English;
			hasScannedForEncodings = 0;
			knownRegions = (
				en,
				Base,
			);
			mainGroup = 7072E3991E5C25740043DD2B;
			productRefGroup = 7072E3A31E5C25740043DD2B /* Products */;
			projectDirPath = "";
			projectRoot = "";
			targets = (
				7072E3A11E5C25740043DD2B /* IrregularViewDemo */,
				7072E3BA1E5C25740043DD2B /* IrregularViewDemoTests */,
				7072E3C51E5C25740043DD2B /* IrregularViewDemoUITests */,
			);
		};
/* End PBXProject section */

/* Begin PBXResourcesBuildPhase section */
		7072E3A01E5C25740043DD2B /* Resources */ = {
			isa = PBXResourcesBuildPhase;
			buildActionMask = 2147483647;
			files = (
				7072E3B51E5C25740043DD2B /* LaunchScreen.storyboard in Resources */,
				7072E3B21E5C25740043DD2B /* Assets.xcassets in Resources */,
				7072E3B01E5C25740043DD2B /* Main.storyboard in Resources */,
			);
			runOnlyForDeploymentPostprocessing = 0;
		};
		7072E3B91E5C25740043DD2B /* Resources */ = {
			isa = PBXResourcesBuildPhase;
			buildActionMask = 2147483647;
			files = (
			);
			runOnlyForDeploymentPostprocessing = 0;
		};
		7072E3C41E5C25740043DD2B /* Resources */ = {
			isa = PBXResourcesBuildPhase;
			buildActionMask = 2147483647;
			files = (
			);
			runOnlyForDeploymentPostprocessing = 0;
		};
/* End PBXResourcesBuildPhase section */

/* Begin PBXSourcesBuildPhase section */
		7072E39E1E5C25740043DD2B /* Sources */ = {
			isa = PBXSourcesBuildPhase;
			buildActionMask = 2147483647;
			files = (
				7072E3AD1E5C25740043DD2B /* ViewController.m in Sources */,
				7072E3AA1E5C25740043DD2B /* AppDelegate.m in Sources */,
				7072E3A71E5C25740043DD2B /* main.m in Sources */,
			);
			runOnlyForDeploymentPostprocessing = 0;
		};
		7072E3B71E5C25740043DD2B /* Sources */ = {
			isa = PBXSourcesBuildPhase;
			buildActionMask = 2147483647;
			files = (
				7072E3C01E5C25740043DD2B /* IrregularViewDemoTests.m in Sources */,
			);
			runOnlyForDeploymentPostprocessing = 0;
		};
		7072E3C21E5C25740043DD2B /* Sources */ = {
			isa = PBXSourcesBuildPhase;
			buildActionMask = 2147483647;
			files = (
				7072E3CB1E5C25740043DD2B /* IrregularViewDemoUITests.m in Sources */,
			);
			runOnlyForDeploymentPostprocessing = 0;
		};
/* End PBXSourcesBuildPhase section */

/* Begin PBXTargetDependency section */
		7072E3BD1E5C25740043DD2B /* PBXTargetDependency */ = {
			isa = PBXTargetDependency;
			target = 7072E3A11E5C25740043DD2B /* IrregularViewDemo */;
			targetProxy = 7072E3BC1E5C25740043DD2B /* PBXContainerItemProxy */;
		};
		7072E3C81E5C25740043DD2B /* PBXTargetDependency */ = {
			isa = PBXTargetDependency;
			target = 7072E3A11E5C25740043DD2B /* IrregularViewDemo */;
			targetProxy = 7072E3C71E5C25740043DD2B /* PBXContainerItemProxy */;
		};
/* End PBXTargetDependency section */

/* Begin PBXVariantGroup section */
		7072E3AE1E5C25740043DD2B /* Main.storyboard */ = {
			isa = PBXVariantGroup;
			children = (
				7072E3AF1E5C25740043DD2B /* Base */,
			);
			name = Main.storyboard;
			sourceTree = "<group>";
		};
		7072E3B31E5C25740043DD2B /* LaunchScreen.storyboard */ = {
			isa = PBXVariantGroup;
			children = (
				7072E3B41E5C25740043DD2B /* Base */,
			);
			name = LaunchScreen.storyboard;
			sourceTree = "<group>";
		};
/* End PBXVariantGroup section */

/* Begin XCBuildConfiguration section */
		7072E3CD1E5C25740043DD2B /* Debug */ = {
			isa = XCBuildConfiguration;
			buildSettings = {
				ALWAYS_SEARCH_USER_PATHS = NO;
				CLANG_ANALYZER_NONNULL = YES;
				CLANG_CXX_LANGUAGE_STANDARD = "gnu++0x";
				CLANG_CXX_LIBRARY = "libc++";
				CLANG_ENABLE_MODULES = YES;
				CLANG_ENABLE_OBJC_ARC = YES;
				CLANG_WARN_BOOL_CONVERSION = YES;
				CLANG_WARN_CONSTANT_CONVERSION = YES;
				CLANG_WARN_DIRECT_OBJC_ISA_USAGE = YES_ERROR;
				CLANG_WARN_DOCUMENTATION_COMMENTS = YES;
				CLANG_WARN_EMPTY_BODY = YES;
				CLANG_WARN_ENUM_CONVERSION = YES;
				CLANG_WARN_INFINITE_RECURSION = YES;
				CLANG_WARN_INT_CONVERSION = YES;
				CLANG_WARN_OBJC_ROOT_CLASS = YES_ERROR;
				CLANG_WARN_SUSPICIOUS_MOVE = YES;
				CLANG_WARN_UNREACHABLE_CODE = YES;
				CLANG_WARN__DUPLICATE_METHOD_MATCH = YES;
				"CODE_SIGN_IDENTITY[sdk=iphoneos*]" = "iPhone Developer";
				COPY_PHASE_STRIP = NO;
				DEBUG_INFORMATION_FORMAT = dwarf;
				ENABLE_STRICT_OBJC_MSGSEND = YES;
				ENABLE_TESTABILITY = YES;
				GCC_C_LANGUAGE_STANDARD = gnu99;
				GCC_DYNAMIC_NO_PIC = NO;
				GCC_NO_COMMON_BLOCKS = YES;
				GCC_OPTIMIZATION_LEVEL = 0;
				GCC_PREPROCESSOR_DEFINITIONS = (
					"DEBUG=1",
					"$(inherited)",
				);
				GCC_WARN_64_TO_32_BIT_CONVERSION = YES;
				GCC_WARN_ABOUT_RETURN_TYPE = YES_ERROR;
				GCC_WARN_UNDECLARED_SELECTOR = YES;
				GCC_WARN_UNINITIALIZED_AUTOS = YES_AGGRESSIVE;
				GCC_WARN_UNUSED_FUNCTION = YES;
				GCC_WARN_UNUSED_VARIABLE = YES;
				IPHONEOS_DEPLOYMENT_TARGET = 10.2;
				MTL_ENABLE_DEBUG_INFO = YES;
				ONLY_ACTIVE_ARCH = YES;
				SDKROOT = iphoneos;
				TARGETED_DEVICE_FAMILY = "1,2";
			};
			name = Debug;
		};
		7072E3CE1E5C25740043DD2B /* Release */ = {
			isa = XCBuildConfiguration;
			buildSettings = {
				ALWAYS_SEARCH_USER_PATHS = NO;
				CLANG_ANALYZER_NONNULL = YES;
				CLANG_CXX_LANGUAGE_STANDARD = "gnu++0x";
				CLANG_CXX_LIBRARY = "libc++";
				CLANG_ENABLE_MODULES = YES;
				CLANG_ENABLE_OBJC_ARC = YES;
				CLANG_WARN_BOOL_CONVERSION = YES;
				CLANG_WARN_CONSTANT_CONVERSION = YES;
				CLANG_WARN_DIRECT_OBJC_ISA_USAGE = YES_ERROR;
				CLANG_WARN_DOCUMENTATION_COMMENTS = YES;
				CLANG_WARN_EMPTY_BODY = YES;
				CLANG_WARN_ENUM_CONVERSION = YES;
				CLANG_WARN_INFINITE_RECURSION = YES;
				CLANG_WARN_INT_CONVERSION = YES;
				CLANG_WARN_OBJC_ROOT_CLASS = YES_ERROR;
				CLANG_WARN_SUSPICIOUS_MOVE = YES;
				CLANG_WARN_UNREACHABLE_CODE = YES;
				CLANG_WARN__DUPLICATE_METHOD_MATCH = YES;
				"CODE_SIGN_IDENTITY[sdk=iphoneos*]" = "iPhone Developer";
				COPY_PHASE_STRIP = NO;
				DEBUG_INFORMATION_FORMAT = "dwarf-with-dsym";
				ENABLE_NS_ASSERTIONS = NO;
				ENABLE_STRICT_OBJC_MSGSEND = YES;
				GCC_C_LANGUAGE_STANDARD = gnu99;
				GCC_NO_COMMON_BLOCKS = YES;
				GCC_WARN_64_TO_32_BIT_CONVERSION = YES;
				GCC_WARN_ABOUT_RETURN_TYPE = YES_ERROR;
				GCC_WARN_UNDECLARED_SELECTOR = YES;
				GCC_WARN_UNINITIALIZED_AUTOS = YES_AGGRESSIVE;
				GCC_WARN_UNUSED_FUNCTION = YES;
				GCC_WARN_UNUSED_VARIABLE = YES;
				IPHONEOS_DEPLOYMENT_TARGET = 10.2;
				MTL_ENABLE_DEBUG_INFO = NO;
				SDKROOT = iphoneos;
				TARGETED_DEVICE_FAMILY = "1,2";
				VALIDATE_PRODUCT = YES;
			};
			name = Release;
		};
		7072E3D01E5C25740043DD2B /* Debug */ = {
			isa = XCBuildConfiguration;
			buildSettings = {
				ASSETCATALOG_COMPILER_APPICON_NAME = AppIcon;
				INFOPLIST_FILE = IrregularViewDemo/Info.plist;
				LD_RUNPATH_SEARCH_PATHS = "$(inherited) @executable_path/Frameworks";
				PRODUCT_BUNDLE_IDENTIFIER = com.LSD.IrregularViewDemo;
				PRODUCT_NAME = "$(TARGET_NAME)";
			};
			name = Debug;
		};
		7072E3D11E5C25740043DD2B /* Release */ = {
			isa = XCBuildConfiguration;
			buildSettings = {
				ASSETCATALOG_COMPILER_APPICON_NAME = AppIcon;
				INFOPLIST_FILE = IrregularViewDemo/Info.plist;
				LD_RUNPATH_SEARCH_PATHS = "$(inherited) @executable_path/Frameworks";
				PRODUCT_BUNDLE_IDENTIFIER = com.LSD.IrregularViewDemo;
				PRODUCT_NAME = "$(TARGET_NAME)";
			};
			name = Release;
		};
		7072E3D31E5C25740043DD2B /* Debug */ = {
			isa = XCBuildConfiguration;
			buildSettings = {
				BUNDLE_LOADER = "$(TEST_HOST)";
				INFOPLIST_FILE = IrregularViewDemoTests/Info.plist;
				LD_RUNPATH_SEARCH_PATHS = "$(inherited) @executable_path/Frameworks @loader_path/Frameworks";
				PRODUCT_BUNDLE_IDENTIFIER = com.LSD.IrregularViewDemoTests;
				PRODUCT_NAME = "$(TARGET_NAME)";
				TEST_HOST = "$(BUILT_PRODUCTS_DIR)/IrregularViewDemo.app/IrregularViewDemo";
			};
			name = Debug;
		};
		7072E3D41E5C25740043DD2B /* Release */ = {
			isa = XCBuildConfiguration;
			buildSettings = {
				BUNDLE_LOADER = "$(TEST_HOST)";
				INFOPLIST_FILE = IrregularViewDemoTests/Info.plist;
				LD_RUNPATH_SEARCH_PATHS = "$(inherited) @executable_path/Frameworks @loader_path/Frameworks";
				PRODUCT_BUNDLE_IDENTIFIER = com.LSD.IrregularViewDemoTests;
				PRODUCT_NAME = "$(TARGET_NAME)";
				TEST_HOST = "$(BUILT_PRODUCTS_DIR)/IrregularViewDemo.app/IrregularViewDemo";
			};
			name = Release;
		};
		7072E3D61E5C25740043DD2B /* Debug */ = {
			isa = XCBuildConfiguration;
			buildSettings = {
				INFOPLIST_FILE = IrregularViewDemoUITests/Info.plist;
				LD_RUNPATH_SEARCH_PATHS = "$(inherited) @executable_path/Frameworks @loader_path/Frameworks";
				PRODUCT_BUNDLE_IDENTIFIER = com.LSD.IrregularViewDemoUITests;
				PRODUCT_NAME = "$(TARGET_NAME)";
				TEST_TARGET_NAME = IrregularViewDemo;
			};
			name = Debug;
		};
		7072E3D71E5C25740043DD2B /* Release */ = {
			isa = XCBuildConfiguration;
			buildSettings = {
				INFOPLIST_FILE = IrregularViewDemoUITests/Info.plist;
				LD_RUNPATH_SEARCH_PATHS = "$(inherited) @executable_path/Frameworks @loader_path/Frameworks";
				PRODUCT_BUNDLE_IDENTIFIER = com.LSD.IrregularViewDemoUITests;
				PRODUCT_NAME = "$(TARGET_NAME)";
				TEST_TARGET_NAME = IrregularViewDemo;
			};
			name = Release;
		};
/* End XCBuildConfiguration section */

/* Begin XCConfigurationList section */
		7072E39D1E5C25740043DD2B /* Build configuration list for PBXProject "IrregularViewDemo" */ = {
			isa = XCConfigurationList;
			buildConfigurations = (
				7072E3CD1E5C25740043DD2B /* Debug */,
				7072E3CE1E5C25740043DD2B /* Release */,
			);
			defaultConfigurationIsVisible = 0;
			defaultConfigurationName = Release;
		};
		7072E3CF1E5C25740043DD2B /* Build configuration list for PBXNativeTarget "IrregularViewDemo" */ = {
			isa = XCConfigurationList;
			buildConfigurations = (
				7072E3D01E5C25740043DD2B /* Debug */,
				7072E3D11E5C25740043DD2B /* Release */,
			);
			defaultConfigurationIsVisible = 0;
		};
		7072E3D21E5C25740043DD2B /* Build configuration list for PBXNativeTarget "IrregularViewDemoTests" */ = {
			isa = XCConfigurationList;
			buildConfigurations = (
				7072E3D31E5C25740043DD2B /* Debug */,
				7072E3D41E5C25740043DD2B /* Release */,
			);
			defaultConfigurationIsVisible = 0;
		};
		7072E3D51E5C25740043DD2B /* Build configuration list for PBXNativeTarget "IrregularViewDemoUITests" */ = {
			isa = XCConfigurationList;
			buildConfigurations = (
				7072E3D61E5C25740043DD2B /* Debug */,
				7072E3D71E5C25740043DD2B /* Release */,
			);
			defaultConfigurationIsVisible = 0;
		};
/* End XCConfigurationList section */
	};
	rootObject = 7072E39A1E5C25740043DD2B /* Project object */;
}
